
Microsoft Visual Studio Solution File, Format Version 12.00
# Visual Studio 14
VisualStudioVersion = 14.0.25420.1
MinimumVisualStudioVersion = 10.0.40219.1
Project("{FAE04EC0-301F-11D3-BF4B-00C04F79EFBC}") = "ConsoleView", "ConsoleView\ConsoleView.csproj", "{A941CCCE-A291-46BE-8CF7-58DBFC229F52}"
EndProject
Project("{FAE04EC0-301F-11D3-BF4B-00C04F79EFBC}") = "SpamEntities", "SpamEntities\SpamEntities.csproj", "{1681A806-698D-4F81-A24C-E090384D22E3}"
EndProject
Project("{FAE04EC0-301F-11D3-BF4B-00C04F79EFBC}") = "DataLogicLayer", "DataLogicLayer\DataLogicLayer.csproj", "{393ADFB4-5C1C-4E0D-8DA4-0D9510CA8789}"
EndProject
Global
	GlobalSection(SolutionConfigurationPlatforms) = preSolution
		Debug|Any CPU = Debug|Any CPU
		Release|Any CPU = Release|Any CPU
	EndGlobalSection
	GlobalSection(ProjectConfigurationPlatforms) = postSolution
		{A941CCCE-A291-46BE-8CF7-58DBFC229F52}.Debug|Any CPU.ActiveCfg = Debug|Any CPU
		{A941CCCE-A291-46BE-8CF7-58DBFC229F52}.Debug|Any CPU.Build.0 = Debug|Any CPU
		{A941CCCE-A291-46BE-8CF7-58DBFC229F52}.Release|Any CPU.ActiveCfg = Release|Any CPU
		{A941CCCE-A291-46BE-8CF7-58DBFC229F52}.Release|Any CPU.Build.0 = Release|Any CPU
		{1681A806-698D-4F81-A24C-E090384D22E3}.Debug|Any CPU.ActiveCfg = Debug|Any CPU
		{1681A806-698D-4F81-A24C-E090384D22E3}.Debug|Any CPU.Build.0 = Debug|Any CPU
		{1681A806-698D-4F81-A24C-E090384D22E3}.Release|Any CPU.ActiveCfg = Release|Any CPU
		{1681A806-698D-4F81-A24C-E090384D22E3}.Release|Any CPU.Build.0 = Release|Any CPU
		{393ADFB4-5C1C-4E0D-8DA4-0D9510CA8789}.Debug|Any CPU.ActiveCfg = Debug|Any CPU
		{393ADFB4-5C1C-4E0D-8DA4-0D9510CA8789}.Debug|Any CPU.Build.0 = Debug|Any CPU
		{393ADFB4-5C1C-4E0D-8DA4-0D9510CA8789}.Release|Any CPU.ActiveCfg = Release|Any CPU
		{393ADFB4-5C1C-4E0D-8DA4-0D9510CA8789}.Release|Any CPU.Build.0 = Release|Any CPU
	EndGlobalSection
	GlobalSection(SolutionProperties) = preSolution
		HideSolutionNode = FALSE
	EndGlobalSection
EndGlobal
